
Microsoft Visual Studio Solution File, Format Version 12.00
# Visual Studio Version 16
VisualStudioVersion = 16.0.29806.167
MinimumVisualStudioVersion = 10.0.40219.1
Project("{00D1A9C2-B5F0-4AF3-8072-F6C62B433612}") = "MyFirstDBPorject", "MyFirstDBPorject\MyFirstDBPorject.sqlproj", "{51A7EA17-0DB1-4687-A11F-35E705184A03}"
EndProject
Global
	GlobalSection(SolutionConfigurationPlatforms) = preSolution
		Debug|Any CPU = Debug|Any CPU
		Release|Any CPU = Release|Any CPU
	EndGlobalSection
	GlobalSection(ProjectConfigurationPlatforms) = postSolution
		{51A7EA17-0DB1-4687-A11F-35E705184A03}.Debug|Any CPU.ActiveCfg = Debug|Any CPU
		{51A7EA17-0DB1-4687-A11F-35E705184A03}.Debug|Any CPU.Build.0 = Debug|Any CPU
		{51A7EA17-0DB1-4687-A11F-35E705184A03}.Debug|Any CPU.Deploy.0 = Debug|Any CPU
		{51A7EA17-0DB1-4687-A11F-35E705184A03}.Release|Any CPU.ActiveCfg = Release|Any CPU
		{51A7EA17-0DB1-4687-A11F-35E705184A03}.Release|Any CPU.Build.0 = Release|Any CPU
		{51A7EA17-0DB1-4687-A11F-35E705184A03}.Release|Any CPU.Deploy.0 = Release|Any CPU
	EndGlobalSection
	GlobalSection(SolutionProperties) = preSolution
		HideSolutionNode = FALSE
	EndGlobalSection
	GlobalSection(ExtensibilityGlobals) = postSolution
		SolutionGuid = {7B3711C6-EC9C-40FB-95A6-CB167FDE380A}
	EndGlobalSection
EndGlobal
